// !$*UTF8*$!
{
	archiveVersion = 1;
	classes = {
	};
	objectVersion = 55;
	objects = {

/* Begin PBXBuildFile section */
		7018DA7D28743F8100A8E51B /* AnimationManager.swift in Sources */ = {isa = PBXBuildFile; fileRef = 7018DA7C28743F8100A8E51B /* AnimationManager.swift */; };
		7018DA7F2874457F00A8E51B /* SoundManager.swift in Sources */ = {isa = PBXBuildFile; fileRef = 7018DA7E2874457F00A8E51B /* SoundManager.swift */; };
		7018DA82287447FC00A8E51B /* sound.mp3 in Resources */ = {isa = PBXBuildFile; fileRef = 7018DA81287447FC00A8E51B /* sound.mp3 */; };
		70B8F7C2284955FE0095F485 /* AppDelegate.swift in Sources */ = {isa = PBXBuildFile; fileRef = 70B8F7C1284955FE0095F485 /* AppDelegate.swift */; };
		70B8F7C4284955FE0095F485 /* SceneDelegate.swift in Sources */ = {isa = PBXBuildFile; fileRef = 70B8F7C3284955FE0095F485 /* SceneDelegate.swift */; };
		70B8F7C6284955FE0095F485 /* ViewController.swift in Sources */ = {isa = PBXBuildFile; fileRef = 70B8F7C5284955FE0095F485 /* ViewController.swift */; };
		70B8F7C9284955FE0095F485 /* Main.storyboard in Resources */ = {isa = PBXBuildFile; fileRef = 70B8F7C7284955FE0095F485 /* Main.storyboard */; };
		70B8F7CB284956010095F485 /* Assets.xcassets in Resources */ = {isa = PBXBuildFile; fileRef = 70B8F7CA284956010095F485 /* Assets.xcassets */; };
		70B8F7CE284956010095F485 /* LaunchScreen.storyboard in Resources */ = {isa = PBXBuildFile; fileRef = 70B8F7CC284956010095F485 /* LaunchScreen.storyboard */; };
/* End PBXBuildFile section */

/* Begin PBXFileReference section */
		7018DA7C28743F8100A8E51B /* AnimationManager.swift */ = {isa = PBXFileReference; lastKnownFileType = sourcecode.swift; path = AnimationManager.swift; sourceTree = "<group>"; };
		7018DA7E2874457F00A8E51B /* SoundManager.swift */ = {isa = PBXFileReference; lastKnownFileType = sourcecode.swift; path = SoundManager.swift; sourceTree = "<group>"; };
		7018DA81287447FC00A8E51B /* sound.mp3 */ = {isa = PBXFileReference; lastKnownFileType = audio.mp3; path = sound.mp3; sourceTree = "<group>"; };
		70B8F7BE284955FE0095F485 /* Magic Ball.app */ = {isa = PBXFileReference; explicitFileType = wrapper.application; includeInIndex = 0; path = "Magic Ball.app"; sourceTree = BUILT_PRODUCTS_DIR; };
		70B8F7C1284955FE0095F485 /* AppDelegate.swift */ = {isa = PBXFileReference; lastKnownFileType = sourcecode.swift; path = AppDelegate.swift; sourceTree = "<group>"; };
		70B8F7C3284955FE0095F485 /* SceneDelegate.swift */ = {isa = PBXFileReference; lastKnownFileType = sourcecode.swift; path = SceneDelegate.swift; sourceTree = "<group>"; };
		70B8F7C5284955FE0095F485 /* ViewController.swift */ = {isa = PBXFileReference; lastKnownFileType = sourcecode.swift; path = ViewController.swift; sourceTree = "<group>"; };
		70B8F7C8284955FE0095F485 /* Base */ = {isa = PBXFileReference; lastKnownFileType = file.storyboard; name = Base; path = Base.lproj/Main.storyboard; sourceTree = "<group>"; };
		70B8F7CA284956010095F485 /* Assets.xcassets */ = {isa = PBXFileReference; lastKnownFileType = folder.assetcatalog; path = Assets.xcassets; sourceTree = "<group>"; };
		70B8F7CD284956010095F485 /* Base */ = {isa = PBXFileReference; lastKnownFileType = file.storyboard; name = Base; path = Base.lproj/LaunchScreen.storyboard; sourceTree = "<group>"; };
		70B8F7CF284956010095F485 /* Info.plist */ = {isa = PBXFileReference; lastKnownFileType = text.plist.xml; path = Info.plist; sourceTree = "<group>"; };
/* End PBXFileReference section */

/* Begin PBXFrameworksBuildPhase section */
		70B8F7BB284955FE0095F485 /* Frameworks */ = {
			isa = PBXFrameworksBuildPhase;
			buildActionMask = 2147483647;
			files = (
			);
			runOnlyForDeploymentPostprocessing = 0;
		};
/* End PBXFrameworksBuildPhase section */

/* Begin PBXGroup section */
		7018DA7928743F3D00A8E51B /* View */ = {
			isa = PBXGroup;
			children = (
				70B8F7C7284955FE0095F485 /* Main.storyboard */,
			);
			path = View;
			sourceTree = "<group>";
		};
		7018DA7A28743F4800A8E51B /* Controller */ = {
			isa = PBXGroup;
			children = (
				70B8F7C5284955FE0095F485 /* ViewController.swift */,
			);
			path = Controller;
			sourceTree = "<group>";
		};
		7018DA7B28743F5100A8E51B /* Model */ = {
			isa = PBXGroup;
			children = (
				7018DA7C28743F8100A8E51B /* AnimationManager.swift */,
				7018DA7E2874457F00A8E51B /* SoundManager.swift */,
			);
			path = Model;
			sourceTree = "<group>";
		};
		7018DA80287447FC00A8E51B /* Sound */ = {
			isa = PBXGroup;
			children = (
				7018DA81287447FC00A8E51B /* sound.mp3 */,
			);
			path = Sound;
			sourceTree = "<group>";
		};
		70B8F7B5284955FE0095F485 = {
			isa = PBXGroup;
			children = (
				70B8F7C0284955FE0095F485 /* Magic Ball */,
				70B8F7BF284955FE0095F485 /* Products */,
			);
			sourceTree = "<group>";
		};
		70B8F7BF284955FE0095F485 /* Products */ = {
			isa = PBXGroup;
			children = (
				70B8F7BE284955FE0095F485 /* Magic Ball.app */,
			);
			name = Products;
			sourceTree = "<group>";
		};
		70B8F7C0284955FE0095F485 /* Magic Ball */ = {
			isa = PBXGroup;
			children = (
				70B8F7C1284955FE0095F485 /* AppDelegate.swift */,
				70B8F7C3284955FE0095F485 /* SceneDelegate.swift */,
				7018DA7B28743F5100A8E51B /* Model */,
				7018DA7928743F3D00A8E51B /* View */,
				7018DA7A28743F4800A8E51B /* Controller */,
				70B8F7CA284956010095F485 /* Assets.xcassets */,
				70B8F7CC284956010095F485 /* LaunchScreen.storyboard */,
				70B8F7CF284956010095F485 /* Info.plist */,
				7018DA80287447FC00A8E51B /* Sound */,
			);
			path = "Magic Ball";
			sourceTree = "<group>";
		};
/* End PBXGroup section */

/* Begin PBXNativeTarget section */
		70B8F7BD284955FE0095F485 /* Magic Ball */ = {
			isa = PBXNativeTarget;
			buildConfigurationList = 70B8F7D2284956010095F485 /* Build configuration list for PBXNativeTarget "Magic Ball" */;
			buildPhases = (
				70B8F7BA284955FE0095F485 /* Sources */,
				70B8F7BB284955FE0095F485 /* Frameworks */,
				70B8F7BC284955FE0095F485 /* Resources */,
			);
			buildRules = (
			);
			dependencies = (
			);
			name = "Magic Ball";
			productName = "Magic Ball";
			productReference = 70B8F7BE284955FE0095F485 /* Magic Ball.app */;
			productType = "com.apple.product-type.application";
		};
/* End PBXNativeTarget section */

/* Begin PBXProject section */
		70B8F7B6284955FE0095F485 /* Project object */ = {
			isa = PBXProject;
			attributes = {
				BuildIndependentTargetsInParallel = 1;
				LastSwiftUpdateCheck = 1340;
				LastUpgradeCheck = 1340;
				TargetAttributes = {
					70B8F7BD284955FE0095F485 = {
						CreatedOnToolsVersion = 13.4;
					};
				};
			};
			buildConfigurationList = 70B8F7B9284955FE0095F485 /* Build configuration list for PBXProject "Magic Ball" */;
			compatibilityVersion = "Xcode 13.0";
			developmentRegion = en;
			hasScannedForEncodings = 0;
			knownRegions = (
				en,
				Base,
			);
			mainGroup = 70B8F7B5284955FE0095F485;
			productRefGroup = 70B8F7BF284955FE0095F485 /* Products */;
			projectDirPath = "";
			projectRoot = "";
			targets = (
				70B8F7BD284955FE0095F485 /* Magic Ball */,
			);
		};
/* End PBXProject section */

/* Begin PBXResourcesBuildPhase section */
		70B8F7BC284955FE0095F485 /* Resources */ = {
			isa = PBXResourcesBuildPhase;
			buildActionMask = 2147483647;
			files = (
				7018DA82287447FC00A8E51B /* sound.mp3 in Resources */,
				70B8F7CE284956010095F485 /* LaunchScreen.storyboard in Resources */,
				70B8F7CB284956010095F485 /* Assets.xcassets in Resources */,
				70B8F7C9284955FE0095F485 /* Main.storyboard in Resources */,
			);
			runOnlyForDeploymentPostprocessing = 0;
		};
/* End PBXResourcesBuildPhase section */

/* Begin PBXSourcesBuildPhase section */
		70B8F7BA284955FE0095F485 /* Sources */ = {
			isa = PBXSourcesBuildPhase;
			buildActionMask = 2147483647;
			files = (
				7018DA7D28743F8100A8E51B /* AnimationManager.swift in Sources */,
				70B8F7C6284955FE0095F485 /* ViewController.swift in Sources */,
				70B8F7C2284955FE0095F485 /* AppDelegate.swift in Sources */,
				70B8F7C4284955FE0095F485 /* SceneDelegate.swift in Sources */,
				7018DA7F2874457F00A8E51B /* SoundManager.swift in Sources */,
			);
			runOnlyForDeploymentPostprocessing = 0;
		};
/* End PBXSourcesBuildPhase section */

/* Begin PBXVariantGroup section */
		70B8F7C7284955FE0095F485 /* Main.storyboard */ = {
			isa = PBXVariantGroup;
			children = (
				70B8F7C8284955FE0095F485 /* Base */,
			);
			name = Main.storyboard;
			sourceTree = "<group>";
		};
		70B8F7CC284956010095F485 /* LaunchScreen.storyboard */ = {
			isa = PBXVariantGroup;
			children = (
				70B8F7CD284956010095F485 /* Base */,
			);
			name = LaunchScreen.storyboard;
			sourceTree = "<group>";
		};
/* End PBXVariantGroup section */

/* Begin XCBuildConfiguration section */
		70B8F7D0284956010095F485 /* Debug */ = {
			isa = XCBuildConfiguration;
			buildSettings = {
				ALWAYS_SEARCH_USER_PATHS = NO;
				CLANG_ANALYZER_NONNULL = YES;
				CLANG_ANALYZER_NUMBER_OBJECT_CONVERSION = YES_AGGRESSIVE;
				CLANG_CXX_LANGUAGE_STANDARD = "gnu++17";
				CLANG_ENABLE_MODULES = YES;
				CLANG_ENABLE_OBJC_ARC = YES;
				CLANG_ENABLE_OBJC_WEAK = YES;
				CLANG_WARN_BLOCK_CAPTURE_AUTORELEASING = YES;
				CLANG_WARN_BOOL_CONVERSION = YES;
				CLANG_WARN_COMMA = YES;
				CLANG_WARN_CONSTANT_CONVERSION = YES;
				CLANG_WARN_DEPRECATED_OBJC_IMPLEMENTATIONS = YES;
				CLANG_WARN_DIRECT_OBJC_ISA_USAGE = YES_ERROR;
				CLANG_WARN_DOCUMENTATION_COMMENTS = YES;
				CLANG_WARN_EMPTY_BODY = YES;
				CLANG_WARN_ENUM_CONVERSION = YES;
				CLANG_WARN_INFINITE_RECURSION = YES;
				CLANG_WARN_INT_CONVERSION = YES;
				CLANG_WARN_NON_LITERAL_NULL_CONVERSION = YES;
				CLANG_WARN_OBJC_IMPLICIT_RETAIN_SELF = YES;
				CLANG_WARN_OBJC_LITERAL_CONVERSION = YES;
				CLANG_WARN_OBJC_ROOT_CLASS = YES_ERROR;
				CLANG_WARN_QUOTED_INCLUDE_IN_FRAMEWORK_HEADER = YES;
				CLANG_WARN_RANGE_LOOP_ANALYSIS = YES;
				CLANG_WARN_STRICT_PROTOTYPES = YES;
				CLANG_WARN_SUSPICIOUS_MOVE = YES;
				CLANG_WARN_UNGUARDED_AVAILABILITY = YES_AGGRESSIVE;
				CLANG_WARN_UNREACHABLE_CODE = YES;
				CLANG_WARN__DUPLICATE_METHOD_MATCH = YES;
				COPY_PHASE_STRIP = NO;
				DEBUG_INFORMATION_FORMAT = dwarf;
				ENABLE_STRICT_OBJC_MSGSEND = YES;
				ENABLE_TESTABILITY = YES;
				GCC_C_LANGUAGE_STANDARD = gnu11;
				GCC_DYNAMIC_NO_PIC = NO;
				GCC_NO_COMMON_BLOCKS = YES;
				GCC_OPTIMIZATION_LEVEL = 0;
				GCC_PREPROCESSOR_DEFINITIONS = (
					"DEBUG=1",
					"$(inherited)",
				);
				GCC_WARN_64_TO_32_BIT_CONVERSION = YES;
				GCC_WARN_ABOUT_RETURN_TYPE = YES_ERROR;
				GCC_WARN_UNDECLARED_SELECTOR = YES;
				GCC_WARN_UNINITIALIZED_AUTOS = YES_AGGRESSIVE;
				GCC_WARN_UNUSED_FUNCTION = YES;
				GCC_WARN_UNUSED_VARIABLE = YES;
				IPHONEOS_DEPLOYMENT_TARGET = 15.5;
				MTL_ENABLE_DEBUG_INFO = INCLUDE_SOURCE;
				MTL_FAST_MATH = YES;
				ONLY_ACTIVE_ARCH = YES;
				SDKROOT = iphoneos;
				SWIFT_ACTIVE_COMPILATION_CONDITIONS = DEBUG;
				SWIFT_OPTIMIZATION_LEVEL = "-Onone";
			};
			name = Debug;
		};
		70B8F7D1284956010095F485 /* Release */ = {
			isa = XCBuildConfiguration;
			buildSettings = {
				ALWAYS_SEARCH_USER_PATHS = NO;
				CLANG_ANALYZER_NONNULL = YES;
				CLANG_ANALYZER_NUMBER_OBJECT_CONVERSION = YES_AGGRESSIVE;
				CLANG_CXX_LANGUAGE_STANDARD = "gnu++17";
				CLANG_ENABLE_MODULES = YES;
				CLANG_ENABLE_OBJC_ARC = YES;
				CLANG_ENABLE_OBJC_WEAK = YES;
				CLANG_WARN_BLOCK_CAPTURE_AUTORELEASING = YES;
				CLANG_WARN_BOOL_CONVERSION = YES;
				CLANG_WARN_COMMA = YES;
				CLANG_WARN_CONSTANT_CONVERSION = YES;
				CLANG_WARN_DEPRECATED_OBJC_IMPLEMENTATIONS = YES;
				CLANG_WARN_DIRECT_OBJC_ISA_USAGE = YES_ERROR;
				CLANG_WARN_DOCUMENTATION_COMMENTS = YES;
				CLANG_WARN_EMPTY_BODY = YES;
				CLANG_WARN_ENUM_CONVERSION = YES;
				CLANG_WARN_INFINITE_RECURSION = YES;
				CLANG_WARN_INT_CONVERSION = YES;
				CLANG_WARN_NON_LITERAL_NULL_CONVERSION = YES;
				CLANG_WARN_OBJC_IMPLICIT_RETAIN_SELF = YES;
				CLANG_WARN_OBJC_LITERAL_CONVERSION = YES;
				CLANG_WARN_OBJC_ROOT_CLASS = YES_ERROR;
				CLANG_WARN_QUOTED_INCLUDE_IN_FRAMEWORK_HEADER = YES;
				CLANG_WARN_RANGE_LOOP_ANALYSIS = YES;
				CLANG_WARN_STRICT_PROTOTYPES = YES;
				CLANG_WARN_SUSPICIOUS_MOVE = YES;
				CLANG_WARN_UNGUARDED_AVAILABILITY = YES_AGGRESSIVE;
				CLANG_WARN_UNREACHABLE_CODE = YES;
				CLANG_WARN__DUPLICATE_METHOD_MATCH = YES;
				COPY_PHASE_STRIP = NO;
				DEBUG_INFORMATION_FORMAT = "dwarf-with-dsym";
				ENABLE_NS_ASSERTIONS = NO;
				ENABLE_STRICT_OBJC_MSGSEND = YES;
				GCC_C_LANGUAGE_STANDARD = gnu11;
				GCC_NO_COMMON_BLOCKS = YES;
				GCC_WARN_64_TO_32_BIT_CONVERSION = YES;
				GCC_WARN_ABOUT_RETURN_TYPE = YES_ERROR;
				GCC_WARN_UNDECLARED_SELECTOR = YES;
				GCC_WARN_UNINITIALIZED_AUTOS = YES_AGGRESSIVE;
				GCC_WARN_UNUSED_FUNCTION = YES;
				GCC_WARN_UNUSED_VARIABLE = YES;
				IPHONEOS_DEPLOYMENT_TARGET = 15.5;
				MTL_ENABLE_DEBUG_INFO = NO;
				MTL_FAST_MATH = YES;
				SDKROOT = iphoneos;
				SWIFT_COMPILATION_MODE = wholemodule;
				SWIFT_OPTIMIZATION_LEVEL = "-O";
				VALIDATE_PRODUCT = YES;
			};
			name = Release;
		};
		70B8F7D3284956010095F485 /* Debug */ = {
			isa = XCBuildConfiguration;
			buildSettings = {
				ASSETCATALOG_COMPILER_APPICON_NAME = AppIcon;
				ASSETCATALOG_COMPILER_GLOBAL_ACCENT_COLOR_NAME = AccentColor;
				CODE_SIGN_STYLE = Automatic;
				CURRENT_PROJECT_VERSION = 1;
				DEVELOPMENT_TEAM = 6PB4D5QX22;
				GENERATE_INFOPLIST_FILE = YES;
				INFOPLIST_FILE = "Magic Ball/Info.plist";
				INFOPLIST_KEY_UIApplicationSupportsIndirectInputEvents = YES;
				INFOPLIST_KEY_UILaunchStoryboardName = LaunchScreen;
				INFOPLIST_KEY_UIMainStoryboardFile = Main;
				INFOPLIST_KEY_UISupportedInterfaceOrientations = "UIInterfaceOrientationPortrait UIInterfaceOrientationLandscapeLeft UIInterfaceOrientationLandscapeRight UIInterfaceOrientationPortraitUpsideDown";
				INFOPLIST_KEY_UISupportedInterfaceOrientations_iPad = "UIInterfaceOrientationPortrait UIInterfaceOrientationPortraitUpsideDown UIInterfaceOrientationLandscapeLeft UIInterfaceOrientationLandscapeRight";
				INFOPLIST_KEY_UISupportedInterfaceOrientations_iPhone = "UIInterfaceOrientationPortrait UIInterfaceOrientationLandscapeLeft UIInterfaceOrientationLandscapeRight";
				LD_RUNPATH_SEARCH_PATHS = (
					"$(inherited)",
					"@executable_path/Frameworks",
				);
				MARKETING_VERSION = 1.0;
				PRODUCT_BUNDLE_IDENTIFIER = "com.mr.kelma.Magic-Ball";
				PRODUCT_NAME = "$(TARGET_NAME)";
				SWIFT_EMIT_LOC_STRINGS = YES;
				SWIFT_VERSION = 5.0;
				TARGETED_DEVICE_FAMILY = 1;
			};
			name = Debug;
		};
		70B8F7D4284956010095F485 /* Release */ = {
			isa = XCBuildConfiguration;
			buildSettings = {
				ASSETCATALOG_COMPILER_APPICON_NAME = AppIcon;
				ASSETCATALOG_COMPILER_GLOBAL_ACCENT_COLOR_NAME = AccentColor;
				CODE_SIGN_STYLE = Automatic;
				CURRENT_PROJECT_VERSION = 1;
				DEVELOPMENT_TEAM = 6PB4D5QX22;
				GENERATE_INFOPLIST_FILE = YES;
				INFOPLIST_FILE = "Magic Ball/Info.plist";
				INFOPLIST_KEY_UIApplicationSupportsIndirectInputEvents = YES;
				INFOPLIST_KEY_UILaunchStoryboardName = LaunchScreen;
				INFOPLIST_KEY_UIMainStoryboardFile = Main;
				INFOPLIST_KEY_UISupportedInterfaceOrientations = "UIInterfaceOrientationPortrait UIInterfaceOrientationLandscapeLeft UIInterfaceOrientationLandscapeRight UIInterfaceOrientationPortraitUpsideDown";
				INFOPLIST_KEY_UISupportedInterfaceOrientations_iPad = "UIInterfaceOrientationPortrait UIInterfaceOrientationPortraitUpsideDown UIInterfaceOrientationLandscapeLeft UIInterfaceOrientationLandscapeRight";
				INFOPLIST_KEY_UISupportedInterfaceOrientations_iPhone = "UIInterfaceOrientationPortrait UIInterfaceOrientationLandscapeLeft UIInterfaceOrientationLandscapeRight";
				LD_RUNPATH_SEARCH_PATHS = (
					"$(inherited)",
					"@executable_path/Frameworks",
				);
				MARKETING_VERSION = 1.0;
				PRODUCT_BUNDLE_IDENTIFIER = "com.mr.kelma.Magic-Ball";
				PRODUCT_NAME = "$(TARGET_NAME)";
				SWIFT_EMIT_LOC_STRINGS = YES;
				SWIFT_VERSION = 5.0;
				TARGETED_DEVICE_FAMILY = 1;
			};
			name = Release;
		};
/* End XCBuildConfiguration section */

/* Begin XCConfigurationList section */
		70B8F7B9284955FE0095F485 /* Build configuration list for PBXProject "Magic Ball" */ = {
			isa = XCConfigurationList;
			buildConfigurations = (
				70B8F7D0284956010095F485 /* Debug */,
				70B8F7D1284956010095F485 /* Release */,
			);
			defaultConfigurationIsVisible = 0;
			defaultConfigurationName = Release;
		};
		70B8F7D2284956010095F485 /* Build configuration list for PBXNativeTarget "Magic Ball" */ = {
			isa = XCConfigurationList;
			buildConfigurations = (
				70B8F7D3284956010095F485 /* Debug */,
				70B8F7D4284956010095F485 /* Release */,
			);
			defaultConfigurationIsVisible = 0;
			defaultConfigurationName = Release;
		};
/* End XCConfigurationList section */
	};
	rootObject = 70B8F7B6284955FE0095F485 /* Project object */;
}
